
Microsoft Visual Studio Solution File, Format Version 12.00
# Visual Studio Version 17
VisualStudioVersion = 17.4.33213.308
MinimumVisualStudioVersion = 10.0.40219.1
Project("{FAE04EC0-301F-11D3-BF4B-00C04F79EFBC}") = "WebApplication1", "WebApplication1\WebApplication1.csproj", "{1D9DFAD4-C277-4FA4-A8D3-589D19EFC7E4}"
EndProject
Global
	GlobalSection(SolutionConfigurationPlatforms) = preSolution
		Debug|Any CPU = Debug|Any CPU
		Release|Any CPU = Release|Any CPU
	EndGlobalSection
	GlobalSection(ProjectConfigurationPlatforms) = postSolution
		{1D9DFAD4-C277-4FA4-A8D3-589D19EFC7E4}.Debug|Any CPU.ActiveCfg = Debug|Any CPU
		{1D9DFAD4-C277-4FA4-A8D3-589D19EFC7E4}.Debug|Any CPU.Build.0 = Debug|Any CPU
		{1D9DFAD4-C277-4FA4-A8D3-589D19EFC7E4}.Release|Any CPU.ActiveCfg = Release|Any CPU
		{1D9DFAD4-C277-4FA4-A8D3-589D19EFC7E4}.Release|Any CPU.Build.0 = Release|Any CPU
	EndGlobalSection
	GlobalSection(SolutionProperties) = preSolution
		HideSolutionNode = FALSE
	EndGlobalSection
	GlobalSection(ExtensibilityGlobals) = postSolution
		SolutionGuid = {BC984A4F-5033-43C4-8646-0A71AA5D106B}
	EndGlobalSection
EndGlobal
